# This file is automatically @generated by Cargo.
# It is not intended for manual editing.
version = 4

[[package]]
name = "lz4_flex"
version = "0.11.6"
source = "registry+https://github.com/rust-lang/crates.io-index"
checksum = "373f5eceeeab7925e0c1098212f2fbc4d416adec9d35051a6ab251e824c1854a"
dependencies = [
 "twox-hash",
]

[[package]]
name = "miniDB"
version = "0.1.0"
dependencies = [
 "lz4_flex",
]

[[package]]
name = "twox-hash"
version = "2.1.2"
source = "registry+https://github.com/rust-lang/crates.io-index"
checksum = "9ea3136b675547379c4bd395ca6b938e5ad3c3d20fad76e7fe85f9e0d011419c"
